{
  "version": 4,
  "terraform_version": "1.6.6",
  "serial": 1,
  "lineage": "edf53cd4-e117-7766-5957-3e5427f0c657",
  "outputs": {},
  "resources": [
    {
      "mode": "managed",
      "type": "local_file",
      "name": "devops",
      "provider": "provider[\"registry.terraform.io/hashicorp/local\"]",
      "instances": [
        {
          "schema_version": 0,
          "attributes": {
            "content": "i want to be a devops Engineer",
            "content_base64": null,
            "content_base64sha256": "/uwaEXexWroNgmVoYHJYLL1orjPFvbAQjzABY56/ctY=",
            "content_base64sha512": "LqcVlQ3/VFu5lvOPDANR4KXDRrCUWI4dwCYUy8sSKwI15ETE/gGsPYua+OX0xu64riXWraAbSUouPPe1R3SSwQ==",
            "content_md5": "5663839c758b11decc10bf72eb891cf2",
            "content_sha1": "8d8209c0ce372457c5b734d1e9573bbb4cb1c637",
            "content_sha256": "feec1a1177b15aba0d8265686072582cbd68ae33c5bdb0108f3001639ebf72d6",
            "content_sha512": "2ea715950dff545bb996f38f0c0351e0a5c346b094588e1dc02614cbcb122b0235e444c4fe01ac3d8b9af8e5f4c6eeb8ae25d6ada01b494a2e3cf7b5477492c1",
            "directory_permission": "0777",
            "file_permission": "0777",
            "filename": "/home/ubuntu/terraform-files/terraform-local/devops_automated.txt",
            "id": "8d8209c0ce372457c5b734d1e9573bbb4cb1c637",
            "sensitive_content": null,
            "source": null
          },
          "sensitive_attributes": []
        }
      ]
    }
  ],
  "check_results": null
}
